
Microsoft Visual Studio Solution File, Format Version 12.00
# Visual Studio Version 17
VisualStudioVersion = 17.10.34928.147
MinimumVisualStudioVersion = 10.0.40219.1
Project("{FAE04EC0-301F-11D3-BF4B-00C04F79EFBC}") = "WebAPI", "WebAPI\WebAPI.csproj", "{A936A4C4-1C74-4260-8C9C-F787BEB116FB}"
EndProject
Project("{FAE04EC0-301F-11D3-BF4B-00C04F79EFBC}") = "BookStore.MVC", "BookStore.MVC\BookStore.MVC.csproj", "{9785F503-491C-4A34-97EB-B38027FA5C85}"
EndProject
Global
	GlobalSection(SolutionConfigurationPlatforms) = preSolution
		Debug|Any CPU = Debug|Any CPU
		Release|Any CPU = Release|Any CPU
	EndGlobalSection
	GlobalSection(ProjectConfigurationPlatforms) = postSolution
		{A936A4C4-1C74-4260-8C9C-F787BEB116FB}.Debug|Any CPU.ActiveCfg = Debug|Any CPU
		{A936A4C4-1C74-4260-8C9C-F787BEB116FB}.Debug|Any CPU.Build.0 = Debug|Any CPU
		{A936A4C4-1C74-4260-8C9C-F787BEB116FB}.Release|Any CPU.ActiveCfg = Release|Any CPU
		{A936A4C4-1C74-4260-8C9C-F787BEB116FB}.Release|Any CPU.Build.0 = Release|Any CPU
		{9785F503-491C-4A34-97EB-B38027FA5C85}.Debug|Any CPU.ActiveCfg = Debug|Any CPU
		{9785F503-491C-4A34-97EB-B38027FA5C85}.Debug|Any CPU.Build.0 = Debug|Any CPU
		{9785F503-491C-4A34-97EB-B38027FA5C85}.Release|Any CPU.ActiveCfg = Release|Any CPU
		{9785F503-491C-4A34-97EB-B38027FA5C85}.Release|Any CPU.Build.0 = Release|Any CPU
	EndGlobalSection
	GlobalSection(SolutionProperties) = preSolution
		HideSolutionNode = FALSE
	EndGlobalSection
	GlobalSection(ExtensibilityGlobals) = postSolution
		SolutionGuid = {10341F40-177B-4EEF-AB63-095FF84F9E0E}
	EndGlobalSection
EndGlobal
